# This file is autogenerated, do not edit; changes may be undone by the next 'dep ensure'.


[[projects]]
  digest = "1:ffe9824d294da03b391f44e1ae8281281b4afc1bdaa9588c9097785e3af10cec"
  name = "github.com/davecgh/go-spew"
  packages = ["spew"]
  pruneopts = "UT"
  revision = "8991bc29aa16c548c550c7ff78260e27b9ab7c73"
  version = "v1.1.1"

[[projects]]
  branch = "master"
  digest = "1:309933537a5fd77e72581e73b6ddff36ad9de5c58e84fba8fff23e297d04b757"
  name = "github.com/llir/llvm"
  packages = [
    "internal/enc",
    "ir",
    "ir/constant",
    "ir/enum",
    "ir/metadata",
    "ir/types",
    "ir/value",
  ]
  pruneopts = "UT"
  revision = "8a20cc8910c5223df2a22cbf0a50beb391a08131"

[[projects]]
  branch = "master"
  digest = "1:cc18aecb24c2b8c205d0131030fd4b0a41bc2850dfd5f5850f32e50dd675a09c"
  name = "github.com/mewmew/float"
  packages = [
    ".",
    "binary16",
    "float80x86",
    "internal/strconv",
  ]
  pruneopts = "UT"
  revision = "c0f786d7da733b0efb8ad53d585b6189554aad28"

[[projects]]
  digest = "1:cf31692c14422fa27c83a05292eb5cbe0fb2775972e8f1f8446a71549bd8980b"
  name = "github.com/pkg/errors"
  packages = ["."]
  pruneopts = "UT"
  revision = "ba968bfe8b2f7e042a574c888954fccecfa385b4"
  version = "v0.8.1"

[[projects]]
  digest = "1:0028cb19b2e4c3112225cd871870f2d9cf49b9b4276531f03438a88e94be86fe"
  name = "github.com/pmezard/go-difflib"
  packages = ["difflib"]
  pruneopts = "UT"
  revision = "792786c7400a136282c1664665ae0a8db921c6c2"
  version = "v1.0.0"

[[projects]]
  branch = "master"
  digest = "1:e4f090efd98746fda20b6121ee991ba0f200705a7cdc07f8be42eed5418e0b26"
  name = "github.com/rickypai/natsort"
  packages = ["."]
  pruneopts = "UT"
  revision = "f194e6bd5b0c35e8317d3ab0bb66bfa5bb65715b"

[[projects]]
  digest = "1:972c2427413d41a1e06ca4897e8528e5a1622894050e2f527b38ddf0f343f759"
  name = "github.com/stretchr/testify"
  packages = ["assert"]
  pruneopts = "UT"
  revision = "ffdc059bfe9ce6a4e144ba849dbedead332c6053"
  version = "v1.3.0"

[[projects]]
  branch = "master"
  digest = "1:e59e09015071774deef72f9a55c6cd1fe12bccfd917ed45c38c7a69a1efa0520"
  name = "golang.org/x/tools"
  packages = [
    "cmd/stringer",
    "go/ast/astutil",
    "go/gcexportdata",
    "go/internal/gcimporter",
    "go/internal/packagesdriver",
    "go/packages",
    "go/types/typeutil",
    "internal/fastwalk",
    "internal/gopathwalk",
    "internal/semver",
  ]
  pruneopts = "UT"
  revision = "681f9ce8ac52c4ba431539a515ecb7f2ab72eca0"

[solve-meta]
  analyzer-name = "dep"
  analyzer-version = 1
  input-imports = [
    "github.com/llir/llvm/ir",
    "github.com/llir/llvm/ir/constant",
    "github.com/llir/llvm/ir/enum",
    "github.com/llir/llvm/ir/types",
    "github.com/llir/llvm/ir/value",
    "github.com/stretchr/testify/assert",
  ]
  solver-name = "gps-cdcl"
  solver-version = 1
